
Microsoft Visual Studio Solution File, Format Version 12.00
# Visual Studio 14
VisualStudioVersion = 14.0.25420.1
MinimumVisualStudioVersion = 10.0.40219.1
Project("{FAE04EC0-301F-11D3-BF4B-00C04F79EFBC}") = "TusLibros", "TusLibros\TusLibros.csproj", "{79EE4DAF-10B1-4368-AEDC-068C5B073FBF}"
EndProject

Global
	GlobalSection(SolutionConfigurationPlatforms) = preSolution
		Debug|Any CPU = Debug|Any CPU
		Release|Any CPU = Release|Any CPU
	EndGlobalSection
	GlobalSection(ProjectConfigurationPlatforms) = postSolution
		{79EE4DAF-10B1-4368-AEDC-068C5B073FBF}.Debug|Any CPU.ActiveCfg = Debug|Any CPU
		{79EE4DAF-10B1-4368-AEDC-068C5B073FBF}.Debug|Any CPU.Build.0 = Debug|Any CPU
		{79EE4DAF-10B1-4368-AEDC-068C5B073FBF}.Release|Any CPU.ActiveCfg = Release|Any CPU
		{79EE4DAF-10B1-4368-AEDC-068C5B073FBF}.Release|Any CPU.Build.0 = Release|Any CPU
	EndGlobalSection
	GlobalSection(SolutionProperties) = preSolution
		HideSolutionNode = FALSE
	EndGlobalSection
	GlobalSection(TestCaseManagementSettings) = postSolution
		CategoryFile = C1-Numero-Ejercicio.vsmdi
	EndGlobalSection
EndGlobal
